
Microsoft Visual Studio Solution File, Format Version 12.00
# Visual Studio Version 17
VisualStudioVersion = 17.4.33213.308
MinimumVisualStudioVersion = 10.0.40219.1
Project("{FAE04EC0-301F-11D3-BF4B-00C04F79EFBC}") = "CRUD_Operation", "CRUD_Operation.csproj", "{CB1160AE-1D42-43AB-A363-1DE8E13A1410}"
EndProject
Global
	GlobalSection(SolutionConfigurationPlatforms) = preSolution
		Debug|Any CPU = Debug|Any CPU
		Release|Any CPU = Release|Any CPU
	EndGlobalSection
	GlobalSection(ProjectConfigurationPlatforms) = postSolution
		{CB1160AE-1D42-43AB-A363-1DE8E13A1410}.Debug|Any CPU.ActiveCfg = Debug|Any CPU
		{CB1160AE-1D42-43AB-A363-1DE8E13A1410}.Debug|Any CPU.Build.0 = Debug|Any CPU
		{CB1160AE-1D42-43AB-A363-1DE8E13A1410}.Release|Any CPU.ActiveCfg = Release|Any CPU
		{CB1160AE-1D42-43AB-A363-1DE8E13A1410}.Release|Any CPU.Build.0 = Release|Any CPU
	EndGlobalSection
	GlobalSection(SolutionProperties) = preSolution
		HideSolutionNode = FALSE
	EndGlobalSection
	GlobalSection(ExtensibilityGlobals) = postSolution
		SolutionGuid = {FF00CE31-34CC-4433-A25E-00A6C1807EB7}
	EndGlobalSection
EndGlobal
